
Microsoft Visual Studio Solution File, Format Version 12.00
# Visual Studio Version 16
VisualStudioVersion = 16.0.30011.22
MinimumVisualStudioVersion = 10.0.40219.1
Project("{FAE04EC0-301F-11D3-BF4B-00C04F79EFBC}") = "WebFormsDemo", "WebFormsDemo\WebFormsDemo.csproj", "{B6FFD55F-DDB4-498C-86AB-124A81B24669}"
EndProject
Global
	GlobalSection(SolutionConfigurationPlatforms) = preSolution
		Debug|Any CPU = Debug|Any CPU
		Release|Any CPU = Release|Any CPU
	EndGlobalSection
	GlobalSection(ProjectConfigurationPlatforms) = postSolution
		{B6FFD55F-DDB4-498C-86AB-124A81B24669}.Debug|Any CPU.ActiveCfg = Debug|Any CPU
		{B6FFD55F-DDB4-498C-86AB-124A81B24669}.Debug|Any CPU.Build.0 = Debug|Any CPU
		{B6FFD55F-DDB4-498C-86AB-124A81B24669}.Release|Any CPU.ActiveCfg = Release|Any CPU
		{B6FFD55F-DDB4-498C-86AB-124A81B24669}.Release|Any CPU.Build.0 = Release|Any CPU
	EndGlobalSection
	GlobalSection(SolutionProperties) = preSolution
		HideSolutionNode = FALSE
	EndGlobalSection
	GlobalSection(ExtensibilityGlobals) = postSolution
		SolutionGuid = {1D031E58-E591-445D-ADCC-15D744D9F5B6}
	EndGlobalSection
EndGlobal
